
Microsoft Visual Studio Solution File, Format Version 12.00
# Visual Studio Version 16
VisualStudioVersion = 16.0.31205.134
MinimumVisualStudioVersion = 10.0.40219.1
Project("{FAE04EC0-301F-11D3-BF4B-00C04F79EFBC}") = "Abhi Silver Plating Shop", "Abhi Silver Plating Shop\Abhi Silver Plating Shop.csproj", "{C5F1F49E-845A-42DC-B416-8382E307E0C7}"
EndProject
Global
	GlobalSection(SolutionConfigurationPlatforms) = preSolution
		Debug|Any CPU = Debug|Any CPU
		Release|Any CPU = Release|Any CPU
	EndGlobalSection
	GlobalSection(ProjectConfigurationPlatforms) = postSolution
		{C5F1F49E-845A-42DC-B416-8382E307E0C7}.Debug|Any CPU.ActiveCfg = Debug|Any CPU
		{C5F1F49E-845A-42DC-B416-8382E307E0C7}.Debug|Any CPU.Build.0 = Debug|Any CPU
		{C5F1F49E-845A-42DC-B416-8382E307E0C7}.Release|Any CPU.ActiveCfg = Release|Any CPU
		{C5F1F49E-845A-42DC-B416-8382E307E0C7}.Release|Any CPU.Build.0 = Release|Any CPU
	EndGlobalSection
	GlobalSection(SolutionProperties) = preSolution
		HideSolutionNode = FALSE
	EndGlobalSection
	GlobalSection(ExtensibilityGlobals) = postSolution
		SolutionGuid = {2E74BBBF-D6BD-4BDE-802B-1AEE1FF82202}
	EndGlobalSection
EndGlobal
